
Microsoft Visual Studio Solution File, Format Version 11.00
# Visual Studio 2010
Project("{FAE04EC0-301F-11D3-BF4B-00C04F79EFBC}") = "Assembly-CSharp-firstpass", "Assembly-CSharp-firstpass.csproj", "{1885249C-DDFE-2B0B-73D5-EA77C5D0B64D}"
EndProject
Project("{FAE04EC0-301F-11D3-BF4B-00C04F79EFBC}") = "Assembly-CSharp", "Assembly-CSharp.csproj", "{564403F6-C3D0-59BB-BBD8-76AFF4B4D374}"
EndProject
Project("{FAE04EC0-301F-11D3-BF4B-00C04F79EFBC}") = "Assembly-CSharp-Editor-firstpass", "Assembly-CSharp-Editor-firstpass.csproj", "{77878485-4F25-5264-3BA3-62250EA4BEF0}"
EndProject
Global
	GlobalSection(SolutionConfigurationPlatforms) = preSolution
		Debug|Any CPU = Debug|Any CPU
		Release|Any CPU = Release|Any CPU
	EndGlobalSection
	GlobalSection(ProjectConfigurationPlatforms) = postSolution
		{1885249C-DDFE-2B0B-73D5-EA77C5D0B64D}.Debug|Any CPU.ActiveCfg = Debug|Any CPU
		{1885249C-DDFE-2B0B-73D5-EA77C5D0B64D}.Debug|Any CPU.Build.0 = Debug|Any CPU
		{1885249C-DDFE-2B0B-73D5-EA77C5D0B64D}.Release|Any CPU.ActiveCfg = Release|Any CPU
		{1885249C-DDFE-2B0B-73D5-EA77C5D0B64D}.Release|Any CPU.Build.0 = Release|Any CPU
		{564403F6-C3D0-59BB-BBD8-76AFF4B4D374}.Debug|Any CPU.ActiveCfg = Debug|Any CPU
		{564403F6-C3D0-59BB-BBD8-76AFF4B4D374}.Debug|Any CPU.Build.0 = Debug|Any CPU
		{564403F6-C3D0-59BB-BBD8-76AFF4B4D374}.Release|Any CPU.ActiveCfg = Release|Any CPU
		{564403F6-C3D0-59BB-BBD8-76AFF4B4D374}.Release|Any CPU.Build.0 = Release|Any CPU
		{77878485-4F25-5264-3BA3-62250EA4BEF0}.Debug|Any CPU.ActiveCfg = Debug|Any CPU
		{77878485-4F25-5264-3BA3-62250EA4BEF0}.Debug|Any CPU.Build.0 = Debug|Any CPU
		{77878485-4F25-5264-3BA3-62250EA4BEF0}.Release|Any CPU.ActiveCfg = Release|Any CPU
		{77878485-4F25-5264-3BA3-62250EA4BEF0}.Release|Any CPU.Build.0 = Release|Any CPU
	EndGlobalSection
	GlobalSection(SolutionProperties) = preSolution
		HideSolutionNode = FALSE
	EndGlobalSection
	GlobalSection(MonoDevelopProperties) = preSolution
		StartupItem = Assembly-CSharp.csproj
	EndGlobalSection
EndGlobal
